
Microsoft Visual Studio Solution File, Format Version 11.00
# Visual Studio 2010
Project("{FAE04EC0-301F-11D3-BF4B-00C04F79EFBC}") = "Assembly-CSharp", "Assembly-CSharp.csproj", "{61ebfeca-d350-ac82-3532-4b5e18d541fa}"
EndProject
Project("{FAE04EC0-301F-11D3-BF4B-00C04F79EFBC}") = "AstarPathfindingProject", "AstarPathfindingProject.csproj", "{0c3614fa-e181-659d-b99c-ea6dc09b056f}"
EndProject
Project("{FAE04EC0-301F-11D3-BF4B-00C04F79EFBC}") = "AstarPathfindingProjectEditor", "AstarPathfindingProjectEditor.csproj", "{69b9c14a-3bef-8dac-e5fa-a680b670efba}"
EndProject
Project("{FAE04EC0-301F-11D3-BF4B-00C04F79EFBC}") = "Assembly-CSharp-Editor", "Assembly-CSharp-Editor.csproj", "{f59d7864-ae5d-c7ad-ba87-436859716dd0}"
EndProject
Project("{FAE04EC0-301F-11D3-BF4B-00C04F79EFBC}") = "PackageToolsEditor", "PackageToolsEditor.csproj", "{6414bf32-4415-9d6f-2868-80626e2970fa}"
EndProject
Global
	GlobalSection(SolutionConfigurationPlatforms) = preSolution
		Debug|Any CPU = Debug|Any CPU
	EndGlobalSection
	GlobalSection(ProjectConfigurationPlatforms) = postSolution
		{61ebfeca-d350-ac82-3532-4b5e18d541fa}.Debug|Any CPU.ActiveCfg = Debug|Any CPU
		{61ebfeca-d350-ac82-3532-4b5e18d541fa}.Debug|Any CPU.Build.0 = Debug|Any CPU
		{0c3614fa-e181-659d-b99c-ea6dc09b056f}.Debug|Any CPU.ActiveCfg = Debug|Any CPU
		{0c3614fa-e181-659d-b99c-ea6dc09b056f}.Debug|Any CPU.Build.0 = Debug|Any CPU
		{69b9c14a-3bef-8dac-e5fa-a680b670efba}.Debug|Any CPU.ActiveCfg = Debug|Any CPU
		{69b9c14a-3bef-8dac-e5fa-a680b670efba}.Debug|Any CPU.Build.0 = Debug|Any CPU
		{f59d7864-ae5d-c7ad-ba87-436859716dd0}.Debug|Any CPU.ActiveCfg = Debug|Any CPU
		{f59d7864-ae5d-c7ad-ba87-436859716dd0}.Debug|Any CPU.Build.0 = Debug|Any CPU
		{6414bf32-4415-9d6f-2868-80626e2970fa}.Debug|Any CPU.ActiveCfg = Debug|Any CPU
		{6414bf32-4415-9d6f-2868-80626e2970fa}.Debug|Any CPU.Build.0 = Debug|Any CPU
	EndGlobalSection
	GlobalSection(SolutionProperties) = preSolution
		HideSolutionNode = FALSE
	EndGlobalSection
EndGlobal
